uuid: 12d4c1bb-231c-48a4-b115-8a48c9edf1ad
langcode: es
status: false
dependencies:
  module:
    - block_visibility_groups
    - hipartners_general
  theme:
    - hipartners
id: generalmeetingsblock
theme: hipartners
region: content
weight: 0
provider: null
plugin: general_meetings_block
settings:
  id: general_meetings_block
  label: 'General meetings block'
  provider: hipartners_general
  label_display: '0'
visibility:
  condition_group:
    id: condition_group
    negate: false
    block_visibility_group: ''
    context_mapping: {  }
